
Microsoft Visual Studio Solution File, Format Version 12.00
# Visual Studio Version 17
VisualStudioVersion = 17.9.34714.143
MinimumVisualStudioVersion = 10.0.40219.1
Project("{FAE04EC0-301F-11D3-BF4B-00C04F79EFBC}") = "Farma", "Farma\Farma.csproj", "{6E331CC7-05C8-437F-B06E-46EAB9438933}"
EndProject
Global
	GlobalSection(SolutionConfigurationPlatforms) = preSolution
		Debug|Any CPU = Debug|Any CPU
		Release|Any CPU = Release|Any CPU
	EndGlobalSection
	GlobalSection(ProjectConfigurationPlatforms) = postSolution
		{6E331CC7-05C8-437F-B06E-46EAB9438933}.Debug|Any CPU.ActiveCfg = Debug|Any CPU
		{6E331CC7-05C8-437F-B06E-46EAB9438933}.Debug|Any CPU.Build.0 = Debug|Any CPU
		{6E331CC7-05C8-437F-B06E-46EAB9438933}.Release|Any CPU.ActiveCfg = Release|Any CPU
		{6E331CC7-05C8-437F-B06E-46EAB9438933}.Release|Any CPU.Build.0 = Release|Any CPU
	EndGlobalSection
	GlobalSection(SolutionProperties) = preSolution
		HideSolutionNode = FALSE
	EndGlobalSection
	GlobalSection(ExtensibilityGlobals) = postSolution
		SolutionGuid = {11BD7678-06E8-4D1E-8A5A-BB97B91F72C0}
	EndGlobalSection
EndGlobal
